<?xml version="1.0" encoding="utf-8"?>
<Project ToolsVersion="4.0" xmlns="http://schemas.microsoft.com/developer/msbuild/2003">
  <ItemGroup>
    <ClInclude Include="WeightedEvaluator.h" />
    <ClInclude Include="MicrophoneController.h" />
    <ClInclude Include="Com.h" />
  </ItemGroup>
  <ItemGroup>
    <ClCompile Include="MicrophoneController.cpp" />
    <ClCompile Include="Com.cpp" />
  </ItemGroup>
</Project>